
Microsoft Visual Studio Solution File, Format Version 11.00
# Visual Studio 2010
Project("{FAE04EC0-301F-11D3-BF4B-00C04F79EFBC}") = "UnityEngine.TestRunner", "UnityEngine.TestRunner.csproj", "{82978809-BF76-F071-6E32-A6EEB9D229E4}"
EndProject
Project("{FAE04EC0-301F-11D3-BF4B-00C04F79EFBC}") = "UnityEngine.UI.Tests", "UnityEngine.UI.Tests.csproj", "{457F7652-C815-6B0A-96E1-59039C57117B}"
EndProject
Project("{FAE04EC0-301F-11D3-BF4B-00C04F79EFBC}") = "Unity.Timeline", "Unity.Timeline.csproj", "{DD534F14-BE9E-2F7D-2D9B-38EEBFD97D5B}"
EndProject
Project("{FAE04EC0-301F-11D3-BF4B-00C04F79EFBC}") = "Assembly-CSharp", "Assembly-CSharp.csproj", "{4ABD25F2-7453-1E14-1C63-BCE00338D1E5}"
EndProject
Project("{FAE04EC0-301F-11D3-BF4B-00C04F79EFBC}") = "UnityEngine.UI", "UnityEngine.UI.csproj", "{EE892C11-6D75-6A24-4F1A-C176769C4C6F}"
EndProject
Project("{FAE04EC0-301F-11D3-BF4B-00C04F79EFBC}") = "Unity.ProBuilder", "Unity.ProBuilder.csproj", "{C6A700D1-A957-39E5-F730-3EB95312B82A}"
EndProject
Project("{FAE04EC0-301F-11D3-BF4B-00C04F79EFBC}") = "Unity.TextMeshPro", "Unity.TextMeshPro.csproj", "{45449171-9F8E-0E47-6B2B-DEFBF87053AD}"
EndProject
Project("{FAE04EC0-301F-11D3-BF4B-00C04F79EFBC}") = "Unity.ProBuilder.Poly2Tri", "Unity.ProBuilder.Poly2Tri.csproj", "{A5752DB9-E6FC-76BA-0F67-36061E23BB77}"
EndProject
Project("{FAE04EC0-301F-11D3-BF4B-00C04F79EFBC}") = "PathCreator", "PathCreator.csproj", "{DC7EE7F2-AC70-2651-E18E-8F5B9254DF9B}"
EndProject
Project("{FAE04EC0-301F-11D3-BF4B-00C04F79EFBC}") = "Unity.ProBuilder.Csg", "Unity.ProBuilder.Csg.csproj", "{FEE3BEBB-908E-F8DE-F24A-8658C9F2CB0B}"
EndProject
Project("{FAE04EC0-301F-11D3-BF4B-00C04F79EFBC}") = "Unity.ProBuilder.KdTree", "Unity.ProBuilder.KdTree.csproj", "{65FCA959-9643-F383-FDB6-A7D2BD2F0FD1}"
EndProject
Project("{FAE04EC0-301F-11D3-BF4B-00C04F79EFBC}") = "Unity.ProBuilder.Stl", "Unity.ProBuilder.Stl.csproj", "{86AB16E5-45E6-9445-E925-5BF6688A3960}"
EndProject
Project("{FAE04EC0-301F-11D3-BF4B-00C04F79EFBC}") = "Unity.TextMeshPro.Tests", "Unity.TextMeshPro.Tests.csproj", "{F0154DCB-CD34-FBB7-DF10-5D1173DAA2BA}"
EndProject
Project("{FAE04EC0-301F-11D3-BF4B-00C04F79EFBC}") = "UnityEditor.TestRunner", "UnityEditor.TestRunner.csproj", "{B340BF22-F092-B4D4-BB5F-2ED8A5A93116}"
EndProject
Project("{FAE04EC0-301F-11D3-BF4B-00C04F79EFBC}") = "Unity.ProBuilder.Editor", "Unity.ProBuilder.Editor.csproj", "{7139B6FB-B8F5-2D00-1CAE-BBECF69A81BF}"
EndProject
Project("{FAE04EC0-301F-11D3-BF4B-00C04F79EFBC}") = "Unity.PlasticSCM.Editor", "Unity.PlasticSCM.Editor.csproj", "{7DF49269-ADBE-57D0-C0C4-F2AB2E8122C9}"
EndProject
Project("{FAE04EC0-301F-11D3-BF4B-00C04F79EFBC}") = "UnityEditor.UI", "UnityEditor.UI.csproj", "{549BD746-91A0-6B6C-087D-8479DC644C87}"
EndProject
Project("{FAE04EC0-301F-11D3-BF4B-00C04F79EFBC}") = "Unity.Services.Core.Editor", "Unity.Services.Core.Editor.csproj", "{65DF691A-9C07-F651-E3A9-17F219170EF6}"
EndProject
Project("{FAE04EC0-301F-11D3-BF4B-00C04F79EFBC}") = "Unity.Timeline.Editor", "Unity.Timeline.Editor.csproj", "{7B1843DA-4F7C-F26A-530B-73ED444B0F64}"
EndProject
Project("{FAE04EC0-301F-11D3-BF4B-00C04F79EFBC}") = "Unity.VisualStudio.Editor", "Unity.VisualStudio.Editor.csproj", "{92BF4305-1CDA-52BC-FDC4-0842C7D4BEFD}"
EndProject
Project("{FAE04EC0-301F-11D3-BF4B-00C04F79EFBC}") = "Unity.TextMeshPro.Editor", "Unity.TextMeshPro.Editor.csproj", "{D02FCFD6-4D5E-E359-FDBD-CAC0C255EB06}"
EndProject
Project("{FAE04EC0-301F-11D3-BF4B-00C04F79EFBC}") = "Unity.CollabProxy.Editor", "Unity.CollabProxy.Editor.csproj", "{EED22F00-8124-E216-24E7-61E12B11B616}"
EndProject
Project("{FAE04EC0-301F-11D3-BF4B-00C04F79EFBC}") = "DocCodeExamples", "DocCodeExamples.csproj", "{9995FE2E-B807-2571-4C4B-35243D19E326}"
EndProject
Project("{FAE04EC0-301F-11D3-BF4B-00C04F79EFBC}") = "Unity.PlasticSCM.EditorTests", "Unity.PlasticSCM.EditorTests.csproj", "{4FF89A68-E00F-CD1D-D0CC-DF4378E56201}"
EndProject
Project("{FAE04EC0-301F-11D3-BF4B-00C04F79EFBC}") = "Unity.Rider.Editor", "Unity.Rider.Editor.csproj", "{F649B110-4B4F-0893-8064-1F30577C07A7}"
EndProject
Project("{FAE04EC0-301F-11D3-BF4B-00C04F79EFBC}") = "UnityEditor.UI.EditorTests", "UnityEditor.UI.EditorTests.csproj", "{F89AB3E3-9D15-1DBA-56AF-C6B641634BBC}"
EndProject
Project("{FAE04EC0-301F-11D3-BF4B-00C04F79EFBC}") = "Unity.CollabProxy.EditorTests", "Unity.CollabProxy.EditorTests.csproj", "{8518D998-7DF6-3E11-B52D-939D4866A6FA}"
EndProject
Project("{FAE04EC0-301F-11D3-BF4B-00C04F79EFBC}") = "Unity.VSCode.Editor", "Unity.VSCode.Editor.csproj", "{4C2CD33D-01DE-D1FE-4636-54280F0C595C}"
EndProject
Project("{FAE04EC0-301F-11D3-BF4B-00C04F79EFBC}") = "Unity.ProBuilder.AssetIdRemapUtility", "Unity.ProBuilder.AssetIdRemapUtility.csproj", "{88D9DFD2-7ED2-E5AE-611F-14B41761FE05}"
EndProject
Project("{FAE04EC0-301F-11D3-BF4B-00C04F79EFBC}") = "Unity.Settings.Editor", "Unity.Settings.Editor.csproj", "{C20257BD-D270-09C7-BA3B-8020C65C7BEF}"
EndProject
Project("{FAE04EC0-301F-11D3-BF4B-00C04F79EFBC}") = "PathCreatorEditor", "PathCreatorEditor.csproj", "{C81CBD82-094E-BD1A-9901-80B6CEBDDAB4}"
EndProject
Project("{FAE04EC0-301F-11D3-BF4B-00C04F79EFBC}") = "Unity.ProBuilder.AddOns.Editor", "Unity.ProBuilder.AddOns.Editor.csproj", "{370BF0D7-CBBB-D983-A6C3-C387F154DA0F}"
EndProject
Project("{FAE04EC0-301F-11D3-BF4B-00C04F79EFBC}") = "Unity.Settings.Tests", "Unity.Settings.Tests.csproj", "{837AE234-2E14-7E77-8F0C-E5963250C40C}"
EndProject
Project("{FAE04EC0-301F-11D3-BF4B-00C04F79EFBC}") = "Unity.Nuget.NewtonsoftJson.EditorTests", "Unity.Nuget.NewtonsoftJson.EditorTests.csproj", "{53323BCA-C258-FBC0-90C0-7D7196234C00}"
EndProject
Project("{FAE04EC0-301F-11D3-BF4B-00C04F79EFBC}") = "Unity.TextMeshPro.Editor.Tests", "Unity.TextMeshPro.Editor.Tests.csproj", "{01C36B4F-4099-DF06-9CA3-4A0A8DC58A0B}"
EndProject
Project("{FAE04EC0-301F-11D3-BF4B-00C04F79EFBC}") = "Assembly-CSharp-Editor", "Assembly-CSharp-Editor.csproj", "{6CB10A00-C051-2FE2-03C6-036CBD648E1D}"
EndProject
Global
	GlobalSection(SolutionConfigurationPlatforms) = preSolution
		Debug|Any CPU = Debug|Any CPU
		Release|Any CPU = Release|Any CPU
	EndGlobalSection
	GlobalSection(ProjectConfigurationPlatforms) = postSolution
		{82978809-BF76-F071-6E32-A6EEB9D229E4}.Debug|Any CPU.ActiveCfg = Debug|Any CPU
		{82978809-BF76-F071-6E32-A6EEB9D229E4}.Debug|Any CPU.Build.0 = Debug|Any CPU
		{82978809-BF76-F071-6E32-A6EEB9D229E4}.Release|Any CPU.ActiveCfg = Release|Any CPU
		{82978809-BF76-F071-6E32-A6EEB9D229E4}.Release|Any CPU.Build.0 = Release|Any CPU
		{457F7652-C815-6B0A-96E1-59039C57117B}.Debug|Any CPU.ActiveCfg = Debug|Any CPU
		{457F7652-C815-6B0A-96E1-59039C57117B}.Debug|Any CPU.Build.0 = Debug|Any CPU
		{457F7652-C815-6B0A-96E1-59039C57117B}.Release|Any CPU.ActiveCfg = Release|Any CPU
		{457F7652-C815-6B0A-96E1-59039C57117B}.Release|Any CPU.Build.0 = Release|Any CPU
		{DD534F14-BE9E-2F7D-2D9B-38EEBFD97D5B}.Debug|Any CPU.ActiveCfg = Debug|Any CPU
		{DD534F14-BE9E-2F7D-2D9B-38EEBFD97D5B}.Debug|Any CPU.Build.0 = Debug|Any CPU
		{DD534F14-BE9E-2F7D-2D9B-38EEBFD97D5B}.Release|Any CPU.ActiveCfg = Release|Any CPU
		{DD534F14-BE9E-2F7D-2D9B-38EEBFD97D5B}.Release|Any CPU.Build.0 = Release|Any CPU
		{4ABD25F2-7453-1E14-1C63-BCE00338D1E5}.Debug|Any CPU.ActiveCfg = Debug|Any CPU
		{4ABD25F2-7453-1E14-1C63-BCE00338D1E5}.Debug|Any CPU.Build.0 = Debug|Any CPU
		{4ABD25F2-7453-1E14-1C63-BCE00338D1E5}.Release|Any CPU.ActiveCfg = Release|Any CPU
		{4ABD25F2-7453-1E14-1C63-BCE00338D1E5}.Release|Any CPU.Build.0 = Release|Any CPU
		{EE892C11-6D75-6A24-4F1A-C176769C4C6F}.Debug|Any CPU.ActiveCfg = Debug|Any CPU
		{EE892C11-6D75-6A24-4F1A-C176769C4C6F}.Debug|Any CPU.Build.0 = Debug|Any CPU
		{EE892C11-6D75-6A24-4F1A-C176769C4C6F}.Release|Any CPU.ActiveCfg = Release|Any CPU
		{EE892C11-6D75-6A24-4F1A-C176769C4C6F}.Release|Any CPU.Build.0 = Release|Any CPU
		{C6A700D1-A957-39E5-F730-3EB95312B82A}.Debug|Any CPU.ActiveCfg = Debug|Any CPU
		{C6A700D1-A957-39E5-F730-3EB95312B82A}.Debug|Any CPU.Build.0 = Debug|Any CPU
		{C6A700D1-A957-39E5-F730-3EB95312B82A}.Release|Any CPU.ActiveCfg = Release|Any CPU
		{C6A700D1-A957-39E5-F730-3EB95312B82A}.Release|Any CPU.Build.0 = Release|Any CPU
		{45449171-9F8E-0E47-6B2B-DEFBF87053AD}.Debug|Any CPU.ActiveCfg = Debug|Any CPU
		{45449171-9F8E-0E47-6B2B-DEFBF87053AD}.Debug|Any CPU.Build.0 = Debug|Any CPU
		{45449171-9F8E-0E47-6B2B-DEFBF87053AD}.Release|Any CPU.ActiveCfg = Release|Any CPU
		{45449171-9F8E-0E47-6B2B-DEFBF87053AD}.Release|Any CPU.Build.0 = Release|Any CPU
		{A5752DB9-E6FC-76BA-0F67-36061E23BB77}.Debug|Any CPU.ActiveCfg = Debug|Any CPU
		{A5752DB9-E6FC-76BA-0F67-36061E23BB77}.Debug|Any CPU.Build.0 = Debug|Any CPU
		{A5752DB9-E6FC-76BA-0F67-36061E23BB77}.Release|Any CPU.ActiveCfg = Release|Any CPU
		{A5752DB9-E6FC-76BA-0F67-36061E23BB77}.Release|Any CPU.Build.0 = Release|Any CPU
		{DC7EE7F2-AC70-2651-E18E-8F5B9254DF9B}.Debug|Any CPU.ActiveCfg = Debug|Any CPU
		{DC7EE7F2-AC70-2651-E18E-8F5B9254DF9B}.Debug|Any CPU.Build.0 = Debug|Any CPU
		{DC7EE7F2-AC70-2651-E18E-8F5B9254DF9B}.Release|Any CPU.ActiveCfg = Release|Any CPU
		{DC7EE7F2-AC70-2651-E18E-8F5B9254DF9B}.Release|Any CPU.Build.0 = Release|Any CPU
		{FEE3BEBB-908E-F8DE-F24A-8658C9F2CB0B}.Debug|Any CPU.ActiveCfg = Debug|Any CPU
		{FEE3BEBB-908E-F8DE-F24A-8658C9F2CB0B}.Debug|Any CPU.Build.0 = Debug|Any CPU
		{FEE3BEBB-908E-F8DE-F24A-8658C9F2CB0B}.Release|Any CPU.ActiveCfg = Release|Any CPU
		{FEE3BEBB-908E-F8DE-F24A-8658C9F2CB0B}.Release|Any CPU.Build.0 = Release|Any CPU
		{65FCA959-9643-F383-FDB6-A7D2BD2F0FD1}.Debug|Any CPU.ActiveCfg = Debug|Any CPU
		{65FCA959-9643-F383-FDB6-A7D2BD2F0FD1}.Debug|Any CPU.Build.0 = Debug|Any CPU
		{65FCA959-9643-F383-FDB6-A7D2BD2F0FD1}.Release|Any CPU.ActiveCfg = Release|Any CPU
		{65FCA959-9643-F383-FDB6-A7D2BD2F0FD1}.Release|Any CPU.Build.0 = Release|Any CPU
		{86AB16E5-45E6-9445-E925-5BF6688A3960}.Debug|Any CPU.ActiveCfg = Debug|Any CPU
		{86AB16E5-45E6-9445-E925-5BF6688A3960}.Debug|Any CPU.Build.0 = Debug|Any CPU
		{86AB16E5-45E6-9445-E925-5BF6688A3960}.Release|Any CPU.ActiveCfg = Release|Any CPU
		{86AB16E5-45E6-9445-E925-5BF6688A3960}.Release|Any CPU.Build.0 = Release|Any CPU
		{F0154DCB-CD34-FBB7-DF10-5D1173DAA2BA}.Debug|Any CPU.ActiveCfg = Debug|Any CPU
		{F0154DCB-CD34-FBB7-DF10-5D1173DAA2BA}.Debug|Any CPU.Build.0 = Debug|Any CPU
		{F0154DCB-CD34-FBB7-DF10-5D1173DAA2BA}.Release|Any CPU.ActiveCfg = Release|Any CPU
		{F0154DCB-CD34-FBB7-DF10-5D1173DAA2BA}.Release|Any CPU.Build.0 = Release|Any CPU
		{B340BF22-F092-B4D4-BB5F-2ED8A5A93116}.Debug|Any CPU.ActiveCfg = Debug|Any CPU
		{B340BF22-F092-B4D4-BB5F-2ED8A5A93116}.Debug|Any CPU.Build.0 = Debug|Any CPU
		{B340BF22-F092-B4D4-BB5F-2ED8A5A93116}.Release|Any CPU.ActiveCfg = Release|Any CPU
		{B340BF22-F092-B4D4-BB5F-2ED8A5A93116}.Release|Any CPU.Build.0 = Release|Any CPU
		{7139B6FB-B8F5-2D00-1CAE-BBECF69A81BF}.Debug|Any CPU.ActiveCfg = Debug|Any CPU
		{7139B6FB-B8F5-2D00-1CAE-BBECF69A81BF}.Debug|Any CPU.Build.0 = Debug|Any CPU
		{7139B6FB-B8F5-2D00-1CAE-BBECF69A81BF}.Release|Any CPU.ActiveCfg = Release|Any CPU
		{7139B6FB-B8F5-2D00-1CAE-BBECF69A81BF}.Release|Any CPU.Build.0 = Release|Any CPU
		{7DF49269-ADBE-57D0-C0C4-F2AB2E8122C9}.Debug|Any CPU.ActiveCfg = Debug|Any CPU
		{7DF49269-ADBE-57D0-C0C4-F2AB2E8122C9}.Debug|Any CPU.Build.0 = Debug|Any CPU
		{7DF49269-ADBE-57D0-C0C4-F2AB2E8122C9}.Release|Any CPU.ActiveCfg = Release|Any CPU
		{7DF49269-ADBE-57D0-C0C4-F2AB2E8122C9}.Release|Any CPU.Build.0 = Release|Any CPU
		{549BD746-91A0-6B6C-087D-8479DC644C87}.Debug|Any CPU.ActiveCfg = Debug|Any CPU
		{549BD746-91A0-6B6C-087D-8479DC644C87}.Debug|Any CPU.Build.0 = Debug|Any CPU
		{549BD746-91A0-6B6C-087D-8479DC644C87}.Release|Any CPU.ActiveCfg = Release|Any CPU
		{549BD746-91A0-6B6C-087D-8479DC644C87}.Release|Any CPU.Build.0 = Release|Any CPU
		{65DF691A-9C07-F651-E3A9-17F219170EF6}.Debug|Any CPU.ActiveCfg = Debug|Any CPU
		{65DF691A-9C07-F651-E3A9-17F219170EF6}.Debug|Any CPU.Build.0 = Debug|Any CPU
		{65DF691A-9C07-F651-E3A9-17F219170EF6}.Release|Any CPU.ActiveCfg = Release|Any CPU
		{65DF691A-9C07-F651-E3A9-17F219170EF6}.Release|Any CPU.Build.0 = Release|Any CPU
		{7B1843DA-4F7C-F26A-530B-73ED444B0F64}.Debug|Any CPU.ActiveCfg = Debug|Any CPU
		{7B1843DA-4F7C-F26A-530B-73ED444B0F64}.Debug|Any CPU.Build.0 = Debug|Any CPU
		{7B1843DA-4F7C-F26A-530B-73ED444B0F64}.Release|Any CPU.ActiveCfg = Release|Any CPU
		{7B1843DA-4F7C-F26A-530B-73ED444B0F64}.Release|Any CPU.Build.0 = Release|Any CPU
		{92BF4305-1CDA-52BC-FDC4-0842C7D4BEFD}.Debug|Any CPU.ActiveCfg = Debug|Any CPU
		{92BF4305-1CDA-52BC-FDC4-0842C7D4BEFD}.Debug|Any CPU.Build.0 = Debug|Any CPU
		{92BF4305-1CDA-52BC-FDC4-0842C7D4BEFD}.Release|Any CPU.ActiveCfg = Release|Any CPU
		{92BF4305-1CDA-52BC-FDC4-0842C7D4BEFD}.Release|Any CPU.Build.0 = Release|Any CPU
		{D02FCFD6-4D5E-E359-FDBD-CAC0C255EB06}.Debug|Any CPU.ActiveCfg = Debug|Any CPU
		{D02FCFD6-4D5E-E359-FDBD-CAC0C255EB06}.Debug|Any CPU.Build.0 = Debug|Any CPU
		{D02FCFD6-4D5E-E359-FDBD-CAC0C255EB06}.Release|Any CPU.ActiveCfg = Release|Any CPU
		{D02FCFD6-4D5E-E359-FDBD-CAC0C255EB06}.Release|Any CPU.Build.0 = Release|Any CPU
		{EED22F00-8124-E216-24E7-61E12B11B616}.Debug|Any CPU.ActiveCfg = Debug|Any CPU
		{EED22F00-8124-E216-24E7-61E12B11B616}.Debug|Any CPU.Build.0 = Debug|Any CPU
		{EED22F00-8124-E216-24E7-61E12B11B616}.Release|Any CPU.ActiveCfg = Release|Any CPU
		{EED22F00-8124-E216-24E7-61E12B11B616}.Release|Any CPU.Build.0 = Release|Any CPU
		{9995FE2E-B807-2571-4C4B-35243D19E326}.Debug|Any CPU.ActiveCfg = Debug|Any CPU
		{9995FE2E-B807-2571-4C4B-35243D19E326}.Debug|Any CPU.Build.0 = Debug|Any CPU
		{9995FE2E-B807-2571-4C4B-35243D19E326}.Release|Any CPU.ActiveCfg = Release|Any CPU
		{9995FE2E-B807-2571-4C4B-35243D19E326}.Release|Any CPU.Build.0 = Release|Any CPU
		{4FF89A68-E00F-CD1D-D0CC-DF4378E56201}.Debug|Any CPU.ActiveCfg = Debug|Any CPU
		{4FF89A68-E00F-CD1D-D0CC-DF4378E56201}.Debug|Any CPU.Build.0 = Debug|Any CPU
		{4FF89A68-E00F-CD1D-D0CC-DF4378E56201}.Release|Any CPU.ActiveCfg = Release|Any CPU
		{4FF89A68-E00F-CD1D-D0CC-DF4378E56201}.Release|Any CPU.Build.0 = Release|Any CPU
		{F649B110-4B4F-0893-8064-1F30577C07A7}.Debug|Any CPU.ActiveCfg = Debug|Any CPU
		{F649B110-4B4F-0893-8064-1F30577C07A7}.Debug|Any CPU.Build.0 = Debug|Any CPU
		{F649B110-4B4F-0893-8064-1F30577C07A7}.Release|Any CPU.ActiveCfg = Release|Any CPU
		{F649B110-4B4F-0893-8064-1F30577C07A7}.Release|Any CPU.Build.0 = Release|Any CPU
		{F89AB3E3-9D15-1DBA-56AF-C6B641634BBC}.Debug|Any CPU.ActiveCfg = Debug|Any CPU
		{F89AB3E3-9D15-1DBA-56AF-C6B641634BBC}.Debug|Any CPU.Build.0 = Debug|Any CPU
		{F89AB3E3-9D15-1DBA-56AF-C6B641634BBC}.Release|Any CPU.ActiveCfg = Release|Any CPU
		{F89AB3E3-9D15-1DBA-56AF-C6B641634BBC}.Release|Any CPU.Build.0 = Release|Any CPU
		{8518D998-7DF6-3E11-B52D-939D4866A6FA}.Debug|Any CPU.ActiveCfg = Debug|Any CPU
		{8518D998-7DF6-3E11-B52D-939D4866A6FA}.Debug|Any CPU.Build.0 = Debug|Any CPU
		{8518D998-7DF6-3E11-B52D-939D4866A6FA}.Release|Any CPU.ActiveCfg = Release|Any CPU
		{8518D998-7DF6-3E11-B52D-939D4866A6FA}.Release|Any CPU.Build.0 = Release|Any CPU
		{4C2CD33D-01DE-D1FE-4636-54280F0C595C}.Debug|Any CPU.ActiveCfg = Debug|Any CPU
		{4C2CD33D-01DE-D1FE-4636-54280F0C595C}.Debug|Any CPU.Build.0 = Debug|Any CPU
		{4C2CD33D-01DE-D1FE-4636-54280F0C595C}.Release|Any CPU.ActiveCfg = Release|Any CPU
		{4C2CD33D-01DE-D1FE-4636-54280F0C595C}.Release|Any CPU.Build.0 = Release|Any CPU
		{88D9DFD2-7ED2-E5AE-611F-14B41761FE05}.Debug|Any CPU.ActiveCfg = Debug|Any CPU
		{88D9DFD2-7ED2-E5AE-611F-14B41761FE05}.Debug|Any CPU.Build.0 = Debug|Any CPU
		{88D9DFD2-7ED2-E5AE-611F-14B41761FE05}.Release|Any CPU.ActiveCfg = Release|Any CPU
		{88D9DFD2-7ED2-E5AE-611F-14B41761FE05}.Release|Any CPU.Build.0 = Release|Any CPU
		{C20257BD-D270-09C7-BA3B-8020C65C7BEF}.Debug|Any CPU.ActiveCfg = Debug|Any CPU
		{C20257BD-D270-09C7-BA3B-8020C65C7BEF}.Debug|Any CPU.Build.0 = Debug|Any CPU
		{C20257BD-D270-09C7-BA3B-8020C65C7BEF}.Release|Any CPU.ActiveCfg = Release|Any CPU
		{C20257BD-D270-09C7-BA3B-8020C65C7BEF}.Release|Any CPU.Build.0 = Release|Any CPU
		{C81CBD82-094E-BD1A-9901-80B6CEBDDAB4}.Debug|Any CPU.ActiveCfg = Debug|Any CPU
		{C81CBD82-094E-BD1A-9901-80B6CEBDDAB4}.Debug|Any CPU.Build.0 = Debug|Any CPU
		{C81CBD82-094E-BD1A-9901-80B6CEBDDAB4}.Release|Any CPU.ActiveCfg = Release|Any CPU
		{C81CBD82-094E-BD1A-9901-80B6CEBDDAB4}.Release|Any CPU.Build.0 = Release|Any CPU
		{370BF0D7-CBBB-D983-A6C3-C387F154DA0F}.Debug|Any CPU.ActiveCfg = Debug|Any CPU
		{370BF0D7-CBBB-D983-A6C3-C387F154DA0F}.Debug|Any CPU.Build.0 = Debug|Any CPU
		{370BF0D7-CBBB-D983-A6C3-C387F154DA0F}.Release|Any CPU.ActiveCfg = Release|Any CPU
		{370BF0D7-CBBB-D983-A6C3-C387F154DA0F}.Release|Any CPU.Build.0 = Release|Any CPU
		{837AE234-2E14-7E77-8F0C-E5963250C40C}.Debug|Any CPU.ActiveCfg = Debug|Any CPU
		{837AE234-2E14-7E77-8F0C-E5963250C40C}.Debug|Any CPU.Build.0 = Debug|Any CPU
		{837AE234-2E14-7E77-8F0C-E5963250C40C}.Release|Any CPU.ActiveCfg = Release|Any CPU
		{837AE234-2E14-7E77-8F0C-E5963250C40C}.Release|Any CPU.Build.0 = Release|Any CPU
		{53323BCA-C258-FBC0-90C0-7D7196234C00}.Debug|Any CPU.ActiveCfg = Debug|Any CPU
		{53323BCA-C258-FBC0-90C0-7D7196234C00}.Debug|Any CPU.Build.0 = Debug|Any CPU
		{53323BCA-C258-FBC0-90C0-7D7196234C00}.Release|Any CPU.ActiveCfg = Release|Any CPU
		{53323BCA-C258-FBC0-90C0-7D7196234C00}.Release|Any CPU.Build.0 = Release|Any CPU
		{01C36B4F-4099-DF06-9CA3-4A0A8DC58A0B}.Debug|Any CPU.ActiveCfg = Debug|Any CPU
		{01C36B4F-4099-DF06-9CA3-4A0A8DC58A0B}.Debug|Any CPU.Build.0 = Debug|Any CPU
		{01C36B4F-4099-DF06-9CA3-4A0A8DC58A0B}.Release|Any CPU.ActiveCfg = Release|Any CPU
		{01C36B4F-4099-DF06-9CA3-4A0A8DC58A0B}.Release|Any CPU.Build.0 = Release|Any CPU
		{6CB10A00-C051-2FE2-03C6-036CBD648E1D}.Debug|Any CPU.ActiveCfg = Debug|Any CPU
		{6CB10A00-C051-2FE2-03C6-036CBD648E1D}.Debug|Any CPU.Build.0 = Debug|Any CPU
		{6CB10A00-C051-2FE2-03C6-036CBD648E1D}.Release|Any CPU.ActiveCfg = Release|Any CPU
		{6CB10A00-C051-2FE2-03C6-036CBD648E1D}.Release|Any CPU.Build.0 = Release|Any CPU
	EndGlobalSection
	GlobalSection(SolutionProperties) = preSolution
		HideSolutionNode = FALSE
	EndGlobalSection
EndGlobal
